
Microsoft Visual Studio Solution File, Format Version 12.00
# Visual Studio Version 16
VisualStudioVersion = 16.0.30523.141
MinimumVisualStudioVersion = 10.0.40219.1
Project("{9A19103F-16F7-4668-BE54-9A1E7A4F7556}") = "DemoProjectForGitLabCICD", "DemoProjectForGitLabCICD.csproj", "{049681A5-97FF-4047-8AB5-02C9C8122ACD}"
EndProject
Project("{FAE04EC0-301F-11D3-BF4B-00C04F79EFBC}") = "BusinessEntity", "..\BusinessEntity\BusinessEntity.csproj", "{57FB92D8-BEB8-48AE-A4C8-D240BD824A0D}"
EndProject
Project("{FAE04EC0-301F-11D3-BF4B-00C04F79EFBC}") = "NUnitTestProject", "..\NUnitTestProject\NUnitTestProject.csproj", "{BBD03C29-7357-48E5-9E81-2B08BA5B5E37}"
EndProject
Global
	GlobalSection(SolutionConfigurationPlatforms) = preSolution
		Debug|Any CPU = Debug|Any CPU
		Release|Any CPU = Release|Any CPU
	EndGlobalSection
	GlobalSection(ProjectConfigurationPlatforms) = postSolution
		{049681A5-97FF-4047-8AB5-02C9C8122ACD}.Debug|Any CPU.ActiveCfg = Debug|Any CPU
		{049681A5-97FF-4047-8AB5-02C9C8122ACD}.Debug|Any CPU.Build.0 = Debug|Any CPU
		{049681A5-97FF-4047-8AB5-02C9C8122ACD}.Release|Any CPU.ActiveCfg = Release|Any CPU
		{049681A5-97FF-4047-8AB5-02C9C8122ACD}.Release|Any CPU.Build.0 = Release|Any CPU
		{57FB92D8-BEB8-48AE-A4C8-D240BD824A0D}.Debug|Any CPU.ActiveCfg = Debug|Any CPU
		{57FB92D8-BEB8-48AE-A4C8-D240BD824A0D}.Debug|Any CPU.Build.0 = Debug|Any CPU
		{57FB92D8-BEB8-48AE-A4C8-D240BD824A0D}.Release|Any CPU.ActiveCfg = Release|Any CPU
		{57FB92D8-BEB8-48AE-A4C8-D240BD824A0D}.Release|Any CPU.Build.0 = Release|Any CPU
		{BBD03C29-7357-48E5-9E81-2B08BA5B5E37}.Debug|Any CPU.ActiveCfg = Debug|Any CPU
		{BBD03C29-7357-48E5-9E81-2B08BA5B5E37}.Debug|Any CPU.Build.0 = Debug|Any CPU
		{BBD03C29-7357-48E5-9E81-2B08BA5B5E37}.Release|Any CPU.ActiveCfg = Release|Any CPU
		{BBD03C29-7357-48E5-9E81-2B08BA5B5E37}.Release|Any CPU.Build.0 = Release|Any CPU
	EndGlobalSection
	GlobalSection(SolutionProperties) = preSolution
		HideSolutionNode = FALSE
	EndGlobalSection
	GlobalSection(ExtensibilityGlobals) = postSolution
		SolutionGuid = {1A4B0B86-13D5-4EF6-925B-B6A2ED233587}
	EndGlobalSection
EndGlobal
